# Configuration for Lock Threads - https://github.com/dessant/lock-threads-app

# Number of days of inactivity before a closed issue or pull request is locked
daysUntilLock: 15

# Skip issues and pull requests created before a given timestamp.
skipCreatedBefore: false

# Issues and pull requests with these labels will be ignored. Set to `[]` to disable
exemptLabels: ["Do not lock this"]

# Label to add before locking, such as `outdated`. Set to `false` to disable
lockLabel: "Outdated and locked"

# Comment to post before locking. Set to `false` to disable
lockComment: >
  This thread has been automatically locked since there has not been
  any recent activity after it was closed. Please open a new issue for
  related bugs, and reference this one.

# Assign `resolved` as the reason for locking. Set to `false` to disable
setLockReason: true
